
Microsoft Visual Studio Solution File, Format Version 12.00
# Visual Studio Version 16
VisualStudioVersion = 16.0.30002.166
MinimumVisualStudioVersion = 10.0.40219.1
Project("{FAE04EC0-301F-11D3-BF4B-00C04F79EFBC}") = "UI", "UI.csproj", "{F9B94381-5004-4389-8EE5-69C9EF8296E3}"
EndProject
Project("{FAE04EC0-301F-11D3-BF4B-00C04F79EFBC}") = "BLL", "..\BLL\BLL.csproj", "{6AE2034C-6B93-4152-B98C-B52D1DB94C82}"
EndProject
Project("{FAE04EC0-301F-11D3-BF4B-00C04F79EFBC}") = "DAL", "..\DAL\DAL.csproj", "{853E7AA7-1028-40FF-A210-022E247D9050}"
EndProject
Global
	GlobalSection(SolutionConfigurationPlatforms) = preSolution
		Debug|Any CPU = Debug|Any CPU
		Release|Any CPU = Release|Any CPU
	EndGlobalSection
	GlobalSection(ProjectConfigurationPlatforms) = postSolution
		{F9B94381-5004-4389-8EE5-69C9EF8296E3}.Debug|Any CPU.ActiveCfg = Debug|Any CPU
		{F9B94381-5004-4389-8EE5-69C9EF8296E3}.Debug|Any CPU.Build.0 = Debug|Any CPU
		{F9B94381-5004-4389-8EE5-69C9EF8296E3}.Release|Any CPU.ActiveCfg = Release|Any CPU
		{F9B94381-5004-4389-8EE5-69C9EF8296E3}.Release|Any CPU.Build.0 = Release|Any CPU
		{6AE2034C-6B93-4152-B98C-B52D1DB94C82}.Debug|Any CPU.ActiveCfg = Debug|Any CPU
		{6AE2034C-6B93-4152-B98C-B52D1DB94C82}.Debug|Any CPU.Build.0 = Debug|Any CPU
		{6AE2034C-6B93-4152-B98C-B52D1DB94C82}.Release|Any CPU.ActiveCfg = Release|Any CPU
		{6AE2034C-6B93-4152-B98C-B52D1DB94C82}.Release|Any CPU.Build.0 = Release|Any CPU
		{853E7AA7-1028-40FF-A210-022E247D9050}.Debug|Any CPU.ActiveCfg = Debug|Any CPU
		{853E7AA7-1028-40FF-A210-022E247D9050}.Debug|Any CPU.Build.0 = Debug|Any CPU
		{853E7AA7-1028-40FF-A210-022E247D9050}.Release|Any CPU.ActiveCfg = Release|Any CPU
		{853E7AA7-1028-40FF-A210-022E247D9050}.Release|Any CPU.Build.0 = Release|Any CPU
	EndGlobalSection
	GlobalSection(SolutionProperties) = preSolution
		HideSolutionNode = FALSE
	EndGlobalSection
	GlobalSection(ExtensibilityGlobals) = postSolution
		SolutionGuid = {7488DC60-876A-4074-BFE4-CDE5B5B752D6}
	EndGlobalSection
EndGlobal
